
Microsoft Visual Studio Solution File, Format Version 12.00
# Visual Studio Version 17
VisualStudioVersion = 17.1.32414.318
MinimumVisualStudioVersion = 10.0.40219.1
Project("{2150E333-8FDC-42A3-9474-1A3956D46DE8}") = "1 - presentation", "1 - presentation", "{1DD949A5-E1D2-4373-8CD6-B51B2563D7E5}"
EndProject
Project("{FAE04EC0-301F-11D3-BF4B-00C04F79EFBC}") = "Code2Play.API", "Code2Play.API\Code2Play.API.csproj", "{A6095A0F-6AC9-4475-87DE-7CB469A2D3B0}"
EndProject
Global
	GlobalSection(SolutionConfigurationPlatforms) = preSolution
		Debug|Any CPU = Debug|Any CPU
		Release|Any CPU = Release|Any CPU
	EndGlobalSection
	GlobalSection(ProjectConfigurationPlatforms) = postSolution
		{A6095A0F-6AC9-4475-87DE-7CB469A2D3B0}.Debug|Any CPU.ActiveCfg = Debug|Any CPU
		{A6095A0F-6AC9-4475-87DE-7CB469A2D3B0}.Debug|Any CPU.Build.0 = Debug|Any CPU
		{A6095A0F-6AC9-4475-87DE-7CB469A2D3B0}.Release|Any CPU.ActiveCfg = Release|Any CPU
		{A6095A0F-6AC9-4475-87DE-7CB469A2D3B0}.Release|Any CPU.Build.0 = Release|Any CPU
	EndGlobalSection
	GlobalSection(SolutionProperties) = preSolution
		HideSolutionNode = FALSE
	EndGlobalSection
	GlobalSection(NestedProjects) = preSolution
		{A6095A0F-6AC9-4475-87DE-7CB469A2D3B0} = {1DD949A5-E1D2-4373-8CD6-B51B2563D7E5}
	EndGlobalSection
	GlobalSection(ExtensibilityGlobals) = postSolution
		SolutionGuid = {FCA316AB-F672-4E6A-89C9-35F882E1D711}
	EndGlobalSection
EndGlobal
